
Microsoft Visual Studio Solution File, Format Version 12.00
# Visual Studio Version 17
VisualStudioVersion = 17.11.35208.52
MinimumVisualStudioVersion = 10.0.40219.1
Project("{FAE04EC0-301F-11D3-BF4B-00C04F79EFBC}") = "GuardTour API", "GuardTour API\GuardTour API.csproj", "{D6DBB6DE-CFD1-4528-875D-1C39E613B4CC}"
EndProject
Global
	GlobalSection(SolutionConfigurationPlatforms) = preSolution
		Debug|Any CPU = Debug|Any CPU
		Release|Any CPU = Release|Any CPU
	EndGlobalSection
	GlobalSection(ProjectConfigurationPlatforms) = postSolution
		{D6DBB6DE-CFD1-4528-875D-1C39E613B4CC}.Debug|Any CPU.ActiveCfg = Debug|Any CPU
		{D6DBB6DE-CFD1-4528-875D-1C39E613B4CC}.Debug|Any CPU.Build.0 = Debug|Any CPU
		{D6DBB6DE-CFD1-4528-875D-1C39E613B4CC}.Release|Any CPU.ActiveCfg = Release|Any CPU
		{D6DBB6DE-CFD1-4528-875D-1C39E613B4CC}.Release|Any CPU.Build.0 = Release|Any CPU
	EndGlobalSection
	GlobalSection(SolutionProperties) = preSolution
		HideSolutionNode = FALSE
	EndGlobalSection
	GlobalSection(ExtensibilityGlobals) = postSolution
		SolutionGuid = {73CEA5CF-6B7F-4387-885A-57C9E3ED0DED}
	EndGlobalSection
EndGlobal
